
Microsoft Visual Studio Solution File, Format Version 12.00
# Visual Studio 15
VisualStudioVersion = 15.0.28010.2041
MinimumVisualStudioVersion = 10.0.40219.1
Project("{FAE04EC0-301F-11D3-BF4B-00C04F79EFBC}") = "Smart_Surveilliance", "Smart_Surveilliance\Smart_Surveilliance.csproj", "{981ABC2D-3812-4042-AFAC-FA5F3EA7CFD9}"
EndProject
Global
	GlobalSection(SolutionConfigurationPlatforms) = preSolution
		Debug|Any CPU = Debug|Any CPU
		Release|Any CPU = Release|Any CPU
	EndGlobalSection
	GlobalSection(ProjectConfigurationPlatforms) = postSolution
		{981ABC2D-3812-4042-AFAC-FA5F3EA7CFD9}.Debug|Any CPU.ActiveCfg = Debug|Any CPU
		{981ABC2D-3812-4042-AFAC-FA5F3EA7CFD9}.Debug|Any CPU.Build.0 = Debug|Any CPU
		{981ABC2D-3812-4042-AFAC-FA5F3EA7CFD9}.Release|Any CPU.ActiveCfg = Release|Any CPU
		{981ABC2D-3812-4042-AFAC-FA5F3EA7CFD9}.Release|Any CPU.Build.0 = Release|Any CPU
	EndGlobalSection
	GlobalSection(SolutionProperties) = preSolution
		HideSolutionNode = FALSE
	EndGlobalSection
	GlobalSection(ExtensibilityGlobals) = postSolution
		SolutionGuid = {CDA00859-AA64-4599-B1F6-1DD5F50661D8}
	EndGlobalSection
EndGlobal
